
Microsoft Visual Studio Solution File, Format Version 12.00
# Visual Studio 15
VisualStudioVersion = 15.0.28307.757
MinimumVisualStudioVersion = 10.0.40219.1
Project("{FAE04EC0-301F-11D3-BF4B-00C04F79EFBC}") = "FilterTextApplication", "FilterTextApplication\FilterTextApplication.csproj", "{18DF7249-6C6E-4919-B3A4-6E355710077A}"
EndProject
Global
	GlobalSection(SolutionConfigurationPlatforms) = preSolution
		Debug|Any CPU = Debug|Any CPU
		Release|Any CPU = Release|Any CPU
	EndGlobalSection
	GlobalSection(ProjectConfigurationPlatforms) = postSolution
		{18DF7249-6C6E-4919-B3A4-6E355710077A}.Debug|Any CPU.ActiveCfg = Debug|Any CPU
		{18DF7249-6C6E-4919-B3A4-6E355710077A}.Debug|Any CPU.Build.0 = Debug|Any CPU
		{18DF7249-6C6E-4919-B3A4-6E355710077A}.Release|Any CPU.ActiveCfg = Release|Any CPU
		{18DF7249-6C6E-4919-B3A4-6E355710077A}.Release|Any CPU.Build.0 = Release|Any CPU
	EndGlobalSection
	GlobalSection(SolutionProperties) = preSolution
		HideSolutionNode = FALSE
	EndGlobalSection
	GlobalSection(ExtensibilityGlobals) = postSolution
		SolutionGuid = {44908C75-BE0D-4FEB-9C07-2CC7FDFB9765}
	EndGlobalSection
EndGlobal
